// !$*UTF8*$!
{
	archiveVersion = 1;
	classes = {
	};
	objectVersion = 46;
	objects = {

/* Begin PBXBuildFile section */
		74C7DFD1625A46C47A48C89A /* Pods_BellabeatFeedback.framework in Frameworks */ = {isa = PBXBuildFile; fileRef = 62254FB879A1DC76902A918F /* Pods_BellabeatFeedback.framework */; settings = {ATTRIBUTES = (Weak, ); }; };
		811F33661BFE14AE00DE9402 /* main.m in Sources */ = {isa = PBXBuildFile; fileRef = 811F33651BFE14AE00DE9402 /* main.m */; };
		811F33691BFE14AE00DE9402 /* AppDelegate.m in Sources */ = {isa = PBXBuildFile; fileRef = 811F33681BFE14AE00DE9402 /* AppDelegate.m */; };
		811F33711BFE14AE00DE9402 /* Assets.xcassets in Resources */ = {isa = PBXBuildFile; fileRef = 811F33701BFE14AE00DE9402 /* Assets.xcassets */; };
		811F33741BFE14AE00DE9402 /* LaunchScreen.storyboard in Resources */ = {isa = PBXBuildFile; fileRef = 811F33721BFE14AE00DE9402 /* LaunchScreen.storyboard */; };
		8158AD6C1C03196100C0BF36 /* OrderCollectionViewController.m in Sources */ = {isa = PBXBuildFile; fileRef = 8158AD6A1C03196100C0BF36 /* OrderCollectionViewController.m */; };
		8158AD6D1C03196100C0BF36 /* OrderCollectionViewController.xib in Resources */ = {isa = PBXBuildFile; fileRef = 8158AD6B1C03196100C0BF36 /* OrderCollectionViewController.xib */; };
		8158AD711C03197B00C0BF36 /* OrderCollectionViewCell.m in Sources */ = {isa = PBXBuildFile; fileRef = 8158AD6F1C03197B00C0BF36 /* OrderCollectionViewCell.m */; };
		8158AD721C03197B00C0BF36 /* OrderCollectionViewCell.xib in Resources */ = {isa = PBXBuildFile; fileRef = 8158AD701C03197B00C0BF36 /* OrderCollectionViewCell.xib */; };
		8158AD781C03238E00C0BF36 /* MessageOrderModel.m in Sources */ = {isa = PBXBuildFile; fileRef = 8158AD771C03238E00C0BF36 /* MessageOrderModel.m */; };
		8158AD7B1C03240B00C0BF36 /* TopMessageOrderModel.m in Sources */ = {isa = PBXBuildFile; fileRef = 8158AD7A1C03240B00C0BF36 /* TopMessageOrderModel.m */; };
		8158AD7E1C03257800C0BF36 /* NewMessageOrderModel.m in Sources */ = {isa = PBXBuildFile; fileRef = 8158AD7D1C03257800C0BF36 /* NewMessageOrderModel.m */; };
		819BD8A11C033A54000F75C3 /* LoadingCollectionViewFooterView.m in Sources */ = {isa = PBXBuildFile; fileRef = 819BD8A01C033A54000F75C3 /* LoadingCollectionViewFooterView.m */; };
		819BD8A31C033A63000F75C3 /* LoadingCollectionViewFooterView.xib in Resources */ = {isa = PBXBuildFile; fileRef = 819BD8A21C033A63000F75C3 /* LoadingCollectionViewFooterView.xib */; };
		81F015AA1BFF17A10007EB4A /* RoomModel.m in Sources */ = {isa = PBXBuildFile; fileRef = 81F015A91BFF17A10007EB4A /* RoomModel.m */; };
		81F015AD1BFF180A0007EB4A /* RoomDataStore.m in Sources */ = {isa = PBXBuildFile; fileRef = 81F015AC1BFF180A0007EB4A /* RoomDataStore.m */; };
		81F015B11BFF1BFD0007EB4A /* RoomsCollectionViewController.m in Sources */ = {isa = PBXBuildFile; fileRef = 81F015AF1BFF1BFD0007EB4A /* RoomsCollectionViewController.m */; };
		81F015B21BFF1BFD0007EB4A /* RoomsCollectionViewController.xib in Resources */ = {isa = PBXBuildFile; fileRef = 81F015B01BFF1BFD0007EB4A /* RoomsCollectionViewController.xib */; };
		81F015B61BFF22F40007EB4A /* RoomsCollectionViewCell.m in Sources */ = {isa = PBXBuildFile; fileRef = 81F015B41BFF22F40007EB4A /* RoomsCollectionViewCell.m */; };
		81F015B71BFF22F40007EB4A /* RoomsCollectionViewCell.xib in Resources */ = {isa = PBXBuildFile; fileRef = 81F015B51BFF22F40007EB4A /* RoomsCollectionViewCell.xib */; };
		81F015BB1BFF254C0007EB4A /* MessagesCollectionViewController.m in Sources */ = {isa = PBXBuildFile; fileRef = 81F015B91BFF254C0007EB4A /* MessagesCollectionViewController.m */; };
		81F015BC1BFF254C0007EB4A /* MessagesCollectionViewController.xib in Resources */ = {isa = PBXBuildFile; fileRef = 81F015BA1BFF254C0007EB4A /* MessagesCollectionViewController.xib */; };
		81F015BF1BFF25610007EB4A /* MessageDataStore.m in Sources */ = {isa = PBXBuildFile; fileRef = 81F015BE1BFF25610007EB4A /* MessageDataStore.m */; };
		81F015C21BFF25FD0007EB4A /* MessageModel.m in Sources */ = {isa = PBXBuildFile; fileRef = 81F015C11BFF25FD0007EB4A /* MessageModel.m */; };
		81F015C81BFF2CCF0007EB4A /* MessagesCollectionViewCell.m in Sources */ = {isa = PBXBuildFile; fileRef = 81F015C61BFF2CCF0007EB4A /* MessagesCollectionViewCell.m */; };
		81F015C91BFF2CCF0007EB4A /* MessagesCollectionViewCell.xib in Resources */ = {isa = PBXBuildFile; fileRef = 81F015C71BFF2CCF0007EB4A /* MessagesCollectionViewCell.xib */; };
		81F015CE1BFF3D820007EB4A /* NewMessageViewController.m in Sources */ = {isa = PBXBuildFile; fileRef = 81F015CC1BFF3D820007EB4A /* NewMessageViewController.m */; };
		81F015CF1BFF3D820007EB4A /* NewMessageViewController.xib in Resources */ = {isa = PBXBuildFile; fileRef = 81F015CD1BFF3D820007EB4A /* NewMessageViewController.xib */; };
/* End PBXBuildFile section */

/* Begin PBXFileReference section */
		01FFDCBB101604BE086E6B89 /* Pods-BellabeatFeedback.debug.xcconfig */ = {isa = PBXFileReference; includeInIndex = 1; lastKnownFileType = text.xcconfig; name = "Pods-BellabeatFeedback.debug.xcconfig"; path = "Pods/Target Support Files/Pods-BellabeatFeedback/Pods-BellabeatFeedback.debug.xcconfig"; sourceTree = "<group>"; };
		55AC717ECF2BAE0A0AD0985F /* Pods-BellabeatFeedback.release.xcconfig */ = {isa = PBXFileReference; includeInIndex = 1; lastKnownFileType = text.xcconfig; name = "Pods-BellabeatFeedback.release.xcconfig"; path = "Pods/Target Support Files/Pods-BellabeatFeedback/Pods-BellabeatFeedback.release.xcconfig"; sourceTree = "<group>"; };
		62254FB879A1DC76902A918F /* Pods_BellabeatFeedback.framework */ = {isa = PBXFileReference; explicitFileType = wrapper.framework; includeInIndex = 0; path = Pods_BellabeatFeedback.framework; sourceTree = BUILT_PRODUCTS_DIR; };
		811F33611BFE14AE00DE9402 /* BellabeatFeedback.app */ = {isa = PBXFileReference; explicitFileType = wrapper.application; includeInIndex = 0; path = BellabeatFeedback.app; sourceTree = BUILT_PRODUCTS_DIR; };
		811F33651BFE14AE00DE9402 /* main.m */ = {isa = PBXFileReference; lastKnownFileType = sourcecode.c.objc; path = main.m; sourceTree = "<group>"; };
		811F33671BFE14AE00DE9402 /* AppDelegate.h */ = {isa = PBXFileReference; lastKnownFileType = sourcecode.c.h; path = AppDelegate.h; sourceTree = "<group>"; };
		811F33681BFE14AE00DE9402 /* AppDelegate.m */ = {isa = PBXFileReference; lastKnownFileType = sourcecode.c.objc; path = AppDelegate.m; sourceTree = "<group>"; };
		811F33701BFE14AE00DE9402 /* Assets.xcassets */ = {isa = PBXFileReference; lastKnownFileType = folder.assetcatalog; path = Assets.xcassets; sourceTree = "<group>"; };
		811F33731BFE14AE00DE9402 /* Base */ = {isa = PBXFileReference; lastKnownFileType = file.storyboard; name = Base; path = Base.lproj/LaunchScreen.storyboard; sourceTree = "<group>"; };
		811F33751BFE14AE00DE9402 /* Info.plist */ = {isa = PBXFileReference; lastKnownFileType = text.plist.xml; path = Info.plist; sourceTree = "<group>"; };
		8158AD691C03196100C0BF36 /* OrderCollectionViewController.h */ = {isa = PBXFileReference; fileEncoding = 4; lastKnownFileType = sourcecode.c.h; name = OrderCollectionViewController.h; path = UI/OrderCollectionViewController.h; sourceTree = "<group>"; };
		8158AD6A1C03196100C0BF36 /* OrderCollectionViewController.m */ = {isa = PBXFileReference; fileEncoding = 4; lastKnownFileType = sourcecode.c.objc; name = OrderCollectionViewController.m; path = UI/OrderCollectionViewController.m; sourceTree = "<group>"; };
		8158AD6B1C03196100C0BF36 /* OrderCollectionViewController.xib */ = {isa = PBXFileReference; fileEncoding = 4; lastKnownFileType = file.xib; name = OrderCollectionViewController.xib; path = UI/OrderCollectionViewController.xib; sourceTree = "<group>"; };
		8158AD6E1C03197B00C0BF36 /* OrderCollectionViewCell.h */ = {isa = PBXFileReference; fileEncoding = 4; lastKnownFileType = sourcecode.c.h; name = OrderCollectionViewCell.h; path = UI/OrderCollectionViewCell.h; sourceTree = "<group>"; };
		8158AD6F1C03197B00C0BF36 /* OrderCollectionViewCell.m */ = {isa = PBXFileReference; fileEncoding = 4; lastKnownFileType = sourcecode.c.objc; name = OrderCollectionViewCell.m; path = UI/OrderCollectionViewCell.m; sourceTree = "<group>"; };
		8158AD701C03197B00C0BF36 /* OrderCollectionViewCell.xib */ = {isa = PBXFileReference; fileEncoding = 4; lastKnownFileType = file.xib; name = OrderCollectionViewCell.xib; path = UI/OrderCollectionViewCell.xib; sourceTree = "<group>"; };
		8158AD761C03238E00C0BF36 /* MessageOrderModel.h */ = {isa = PBXFileReference; fileEncoding = 4; lastKnownFileType = sourcecode.c.h; name = MessageOrderModel.h; path = Model/MessageOrderModel.h; sourceTree = "<group>"; };
		8158AD771C03238E00C0BF36 /* MessageOrderModel.m */ = {isa = PBXFileReference; fileEncoding = 4; lastKnownFileType = sourcecode.c.objc; name = MessageOrderModel.m; path = Model/MessageOrderModel.m; sourceTree = "<group>"; };
		8158AD791C03240B00C0BF36 /* TopMessageOrderModel.h */ = {isa = PBXFileReference; fileEncoding = 4; lastKnownFileType = sourcecode.c.h; name = TopMessageOrderModel.h; path = Model/TopMessageOrderModel.h; sourceTree = "<group>"; };
		8158AD7A1C03240B00C0BF36 /* TopMessageOrderModel.m */ = {isa = PBXFileReference; fileEncoding = 4; lastKnownFileType = sourcecode.c.objc; name = TopMessageOrderModel.m; path = Model/TopMessageOrderModel.m; sourceTree = "<group>"; };
		8158AD7C1C03257800C0BF36 /* NewMessageOrderModel.h */ = {isa = PBXFileReference; fileEncoding = 4; lastKnownFileType = sourcecode.c.h; name = NewMessageOrderModel.h; path = Model/NewMessageOrderModel.h; sourceTree = "<group>"; };
		8158AD7D1C03257800C0BF36 /* NewMessageOrderModel.m */ = {isa = PBXFileReference; fileEncoding = 4; lastKnownFileType = sourcecode.c.objc; name = NewMessageOrderModel.m; path = Model/NewMessageOrderModel.m; sourceTree = "<group>"; };
		819BD89F1C033A54000F75C3 /* LoadingCollectionViewFooterView.h */ = {isa = PBXFileReference; fileEncoding = 4; lastKnownFileType = sourcecode.c.h; name = LoadingCollectionViewFooterView.h; path = UI/LoadingCollectionViewFooterView.h; sourceTree = "<group>"; };
		819BD8A01C033A54000F75C3 /* LoadingCollectionViewFooterView.m */ = {isa = PBXFileReference; fileEncoding = 4; lastKnownFileType = sourcecode.c.objc; name = LoadingCollectionViewFooterView.m; path = UI/LoadingCollectionViewFooterView.m; sourceTree = "<group>"; };
		819BD8A21C033A63000F75C3 /* LoadingCollectionViewFooterView.xib */ = {isa = PBXFileReference; fileEncoding = 4; lastKnownFileType = file.xib; name = LoadingCollectionViewFooterView.xib; path = UI/LoadingCollectionViewFooterView.xib; sourceTree = "<group>"; };
		81F015A81BFF17A10007EB4A /* RoomModel.h */ = {isa = PBXFileReference; fileEncoding = 4; lastKnownFileType = sourcecode.c.h; name = RoomModel.h; path = Model/RoomModel.h; sourceTree = "<group>"; };
		81F015A91BFF17A10007EB4A /* RoomModel.m */ = {isa = PBXFileReference; fileEncoding = 4; lastKnownFileType = sourcecode.c.objc; name = RoomModel.m; path = Model/RoomModel.m; sourceTree = "<group>"; };
		81F015AB1BFF180A0007EB4A /* RoomDataStore.h */ = {isa = PBXFileReference; fileEncoding = 4; lastKnownFileType = sourcecode.c.h; name = RoomDataStore.h; path = Data/RoomDataStore.h; sourceTree = "<group>"; };
		81F015AC1BFF180A0007EB4A /* RoomDataStore.m */ = {isa = PBXFileReference; fileEncoding = 4; lastKnownFileType = sourcecode.c.objc; name = RoomDataStore.m; path = Data/RoomDataStore.m; sourceTree = "<group>"; };
		81F015AE1BFF1BFD0007EB4A /* RoomsCollectionViewController.h */ = {isa = PBXFileReference; fileEncoding = 4; lastKnownFileType = sourcecode.c.h; name = RoomsCollectionViewController.h; path = UI/RoomsCollectionViewController.h; sourceTree = "<group>"; };
		81F015AF1BFF1BFD0007EB4A /* RoomsCollectionViewController.m */ = {isa = PBXFileReference; fileEncoding = 4; lastKnownFileType = sourcecode.c.objc; name = RoomsCollectionViewController.m; path = UI/RoomsCollectionViewController.m; sourceTree = "<group>"; };
		81F015B01BFF1BFD0007EB4A /* RoomsCollectionViewController.xib */ = {isa = PBXFileReference; fileEncoding = 4; lastKnownFileType = file.xib; name = RoomsCollectionViewController.xib; path = UI/RoomsCollectionViewController.xib; sourceTree = "<group>"; };
		81F015B31BFF22F40007EB4A /* RoomsCollectionViewCell.h */ = {isa = PBXFileReference; fileEncoding = 4; lastKnownFileType = sourcecode.c.h; name = RoomsCollectionViewCell.h; path = UI/RoomsCollectionViewCell.h; sourceTree = "<group>"; };
		81F015B41BFF22F40007EB4A /* RoomsCollectionViewCell.m */ = {isa = PBXFileReference; fileEncoding = 4; lastKnownFileType = sourcecode.c.objc; name = RoomsCollectionViewCell.m; path = UI/RoomsCollectionViewCell.m; sourceTree = "<group>"; };
		81F015B51BFF22F40007EB4A /* RoomsCollectionViewCell.xib */ = {isa = PBXFileReference; fileEncoding = 4; lastKnownFileType = file.xib; name = RoomsCollectionViewCell.xib; path = UI/RoomsCollectionViewCell.xib; sourceTree = "<group>"; };
		81F015B81BFF254C0007EB4A /* MessagesCollectionViewController.h */ = {isa = PBXFileReference; fileEncoding = 4; lastKnownFileType = sourcecode.c.h; name = MessagesCollectionViewController.h; path = UI/MessagesCollectionViewController.h; sourceTree = "<group>"; };
		81F015B91BFF254C0007EB4A /* MessagesCollectionViewController.m */ = {isa = PBXFileReference; fileEncoding = 4; lastKnownFileType = sourcecode.c.objc; name = MessagesCollectionViewController.m; path = UI/MessagesCollectionViewController.m; sourceTree = "<group>"; };
		81F015BA1BFF254C0007EB4A /* MessagesCollectionViewController.xib */ = {isa = PBXFileReference; fileEncoding = 4; lastKnownFileType = file.xib; name = MessagesCollectionViewController.xib; path = UI/MessagesCollectionViewController.xib; sourceTree = "<group>"; };
		81F015BD1BFF25610007EB4A /* MessageDataStore.h */ = {isa = PBXFileReference; fileEncoding = 4; lastKnownFileType = sourcecode.c.h; name = MessageDataStore.h; path = Data/MessageDataStore.h; sourceTree = "<group>"; };
		81F015BE1BFF25610007EB4A /* MessageDataStore.m */ = {isa = PBXFileReference; fileEncoding = 4; lastKnownFileType = sourcecode.c.objc; name = MessageDataStore.m; path = Data/MessageDataStore.m; sourceTree = "<group>"; };
		81F015C01BFF25FD0007EB4A /* MessageModel.h */ = {isa = PBXFileReference; fileEncoding = 4; lastKnownFileType = sourcecode.c.h; name = MessageModel.h; path = Model/MessageModel.h; sourceTree = "<group>"; };
		81F015C11BFF25FD0007EB4A /* MessageModel.m */ = {isa = PBXFileReference; fileEncoding = 4; lastKnownFileType = sourcecode.c.objc; name = MessageModel.m; path = Model/MessageModel.m; sourceTree = "<group>"; };
		81F015C51BFF2CCF0007EB4A /* MessagesCollectionViewCell.h */ = {isa = PBXFileReference; fileEncoding = 4; lastKnownFileType = sourcecode.c.h; name = MessagesCollectionViewCell.h; path = UI/MessagesCollectionViewCell.h; sourceTree = "<group>"; };
		81F015C61BFF2CCF0007EB4A /* MessagesCollectionViewCell.m */ = {isa = PBXFileReference; fileEncoding = 4; lastKnownFileType = sourcecode.c.objc; name = MessagesCollectionViewCell.m; path = UI/MessagesCollectionViewCell.m; sourceTree = "<group>"; };
		81F015C71BFF2CCF0007EB4A /* MessagesCollectionViewCell.xib */ = {isa = PBXFileReference; fileEncoding = 4; lastKnownFileType = file.xib; name = MessagesCollectionViewCell.xib; path = UI/MessagesCollectionViewCell.xib; sourceTree = "<group>"; };
		81F015CB1BFF3D820007EB4A /* NewMessageViewController.h */ = {isa = PBXFileReference; fileEncoding = 4; lastKnownFileType = sourcecode.c.h; name = NewMessageViewController.h; path = UI/NewMessageViewController.h; sourceTree = "<group>"; };
		81F015CC1BFF3D820007EB4A /* NewMessageViewController.m */ = {isa = PBXFileReference; fileEncoding = 4; lastKnownFileType = sourcecode.c.objc; name = NewMessageViewController.m; path = UI/NewMessageViewController.m; sourceTree = "<group>"; };
		81F015CD1BFF3D820007EB4A /* NewMessageViewController.xib */ = {isa = PBXFileReference; fileEncoding = 4; lastKnownFileType = file.xib; name = NewMessageViewController.xib; path = UI/NewMessageViewController.xib; sourceTree = "<group>"; };
/* End PBXFileReference section */

/* Begin PBXFrameworksBuildPhase section */
		811F335E1BFE14AE00DE9402 /* Frameworks */ = {
			isa = PBXFrameworksBuildPhase;
			buildActionMask = 2147483647;
			files = (
				74C7DFD1625A46C47A48C89A /* Pods_BellabeatFeedback.framework in Frameworks */,
			);
			runOnlyForDeploymentPostprocessing = 0;
		};
/* End PBXFrameworksBuildPhase section */

/* Begin PBXGroup section */
		16E994E699182ACE463C30F5 /* Pods */ = {
			isa = PBXGroup;
			children = (
				01FFDCBB101604BE086E6B89 /* Pods-BellabeatFeedback.debug.xcconfig */,
				55AC717ECF2BAE0A0AD0985F /* Pods-BellabeatFeedback.release.xcconfig */,
			);
			name = Pods;
			sourceTree = "<group>";
		};
		811F33581BFE14AE00DE9402 = {
			isa = PBXGroup;
			children = (
				811F33631BFE14AE00DE9402 /* BellabeatFeedback */,
				811F33621BFE14AE00DE9402 /* Products */,
				16E994E699182ACE463C30F5 /* Pods */,
				F9841FB9FD6F07C017ABEE45 /* Frameworks */,
			);
			sourceTree = "<group>";
		};
		811F33621BFE14AE00DE9402 /* Products */ = {
			isa = PBXGroup;
			children = (
				811F33611BFE14AE00DE9402 /* BellabeatFeedback.app */,
			);
			name = Products;
			sourceTree = "<group>";
		};
		811F33631BFE14AE00DE9402 /* BellabeatFeedback */ = {
			isa = PBXGroup;
			children = (
				81F015A11BFE1B970007EB4A /* Model */,
				81F015A01BFE1B920007EB4A /* Data */,
				811F337B1BFE15AF00DE9402 /* UI */,
				811F33671BFE14AE00DE9402 /* AppDelegate.h */,
				811F33681BFE14AE00DE9402 /* AppDelegate.m */,
				811F33701BFE14AE00DE9402 /* Assets.xcassets */,
				811F33721BFE14AE00DE9402 /* LaunchScreen.storyboard */,
				811F33751BFE14AE00DE9402 /* Info.plist */,
				811F33641BFE14AE00DE9402 /* Supporting Files */,
			);
			path = BellabeatFeedback;
			sourceTree = "<group>";
		};
		811F33641BFE14AE00DE9402 /* Supporting Files */ = {
			isa = PBXGroup;
			children = (
				811F33651BFE14AE00DE9402 /* main.m */,
			);
			name = "Supporting Files";
			sourceTree = "<group>";
		};
		811F337B1BFE15AF00DE9402 /* UI */ = {
			isa = PBXGroup;
			children = (
				819BD89E1C033A2D000F75C3 /* Generic */,
				8158AD681C03194900C0BF36 /* Order */,
				81F015C41BFF2C9B0007EB4A /* Message */,
				81F015C31BFF2C960007EB4A /* Room */,
			);
			name = UI;
			sourceTree = "<group>";
		};
		8158AD681C03194900C0BF36 /* Order */ = {
			isa = PBXGroup;
			children = (
				8158AD691C03196100C0BF36 /* OrderCollectionViewController.h */,
				8158AD6A1C03196100C0BF36 /* OrderCollectionViewController.m */,
				8158AD6B1C03196100C0BF36 /* OrderCollectionViewController.xib */,
				8158AD6E1C03197B00C0BF36 /* OrderCollectionViewCell.h */,
				8158AD6F1C03197B00C0BF36 /* OrderCollectionViewCell.m */,
				8158AD701C03197B00C0BF36 /* OrderCollectionViewCell.xib */,
			);
			name = Order;
			sourceTree = "<group>";
		};
		819BD89E1C033A2D000F75C3 /* Generic */ = {
			isa = PBXGroup;
			children = (
				819BD89F1C033A54000F75C3 /* LoadingCollectionViewFooterView.h */,
				819BD8A01C033A54000F75C3 /* LoadingCollectionViewFooterView.m */,
				819BD8A21C033A63000F75C3 /* LoadingCollectionViewFooterView.xib */,
			);
			name = Generic;
			sourceTree = "<group>";
		};
		81F015A01BFE1B920007EB4A /* Data */ = {
			isa = PBXGroup;
			children = (
				81F015AB1BFF180A0007EB4A /* RoomDataStore.h */,
				81F015AC1BFF180A0007EB4A /* RoomDataStore.m */,
				81F015BD1BFF25610007EB4A /* MessageDataStore.h */,
				81F015BE1BFF25610007EB4A /* MessageDataStore.m */,
			);
			name = Data;
			sourceTree = "<group>";
		};
		81F015A11BFE1B970007EB4A /* Model */ = {
			isa = PBXGroup;
			children = (
				81F015A81BFF17A10007EB4A /* RoomModel.h */,
				81F015A91BFF17A10007EB4A /* RoomModel.m */,
				81F015C01BFF25FD0007EB4A /* MessageModel.h */,
				81F015C11BFF25FD0007EB4A /* MessageModel.m */,
				8158AD761C03238E00C0BF36 /* MessageOrderModel.h */,
				8158AD771C03238E00C0BF36 /* MessageOrderModel.m */,
				8158AD791C03240B00C0BF36 /* TopMessageOrderModel.h */,
				8158AD7A1C03240B00C0BF36 /* TopMessageOrderModel.m */,
				8158AD7C1C03257800C0BF36 /* NewMessageOrderModel.h */,
				8158AD7D1C03257800C0BF36 /* NewMessageOrderModel.m */,
			);
			name = Model;
			sourceTree = "<group>";
		};
		81F015C31BFF2C960007EB4A /* Room */ = {
			isa = PBXGroup;
			children = (
				81F015AE1BFF1BFD0007EB4A /* RoomsCollectionViewController.h */,
				81F015AF1BFF1BFD0007EB4A /* RoomsCollectionViewController.m */,
				81F015B01BFF1BFD0007EB4A /* RoomsCollectionViewController.xib */,
				81F015B31BFF22F40007EB4A /* RoomsCollectionViewCell.h */,
				81F015B41BFF22F40007EB4A /* RoomsCollectionViewCell.m */,
				81F015B51BFF22F40007EB4A /* RoomsCollectionViewCell.xib */,
			);
			name = Room;
			sourceTree = "<group>";
		};
		81F015C41BFF2C9B0007EB4A /* Message */ = {
			isa = PBXGroup;
			children = (
				81F015B81BFF254C0007EB4A /* MessagesCollectionViewController.h */,
				81F015B91BFF254C0007EB4A /* MessagesCollectionViewController.m */,
				81F015BA1BFF254C0007EB4A /* MessagesCollectionViewController.xib */,
				81F015C51BFF2CCF0007EB4A /* MessagesCollectionViewCell.h */,
				81F015C61BFF2CCF0007EB4A /* MessagesCollectionViewCell.m */,
				81F015C71BFF2CCF0007EB4A /* MessagesCollectionViewCell.xib */,
				81F015CB1BFF3D820007EB4A /* NewMessageViewController.h */,
				81F015CC1BFF3D820007EB4A /* NewMessageViewController.m */,
				81F015CD1BFF3D820007EB4A /* NewMessageViewController.xib */,
			);
			name = Message;
			sourceTree = "<group>";
		};
		F9841FB9FD6F07C017ABEE45 /* Frameworks */ = {
			isa = PBXGroup;
			children = (
				62254FB879A1DC76902A918F /* Pods_BellabeatFeedback.framework */,
			);
			name = Frameworks;
			sourceTree = "<group>";
		};
/* End PBXGroup section */

/* Begin PBXNativeTarget section */
		811F33601BFE14AE00DE9402 /* BellabeatFeedback */ = {
			isa = PBXNativeTarget;
			buildConfigurationList = 811F33781BFE14AE00DE9402 /* Build configuration list for PBXNativeTarget "BellabeatFeedback" */;
			buildPhases = (
				7DFC7E22F755BC0DDACE6177 /* Check Pods Manifest.lock */,
				811F335D1BFE14AE00DE9402 /* Sources */,
				811F335E1BFE14AE00DE9402 /* Frameworks */,
				811F335F1BFE14AE00DE9402 /* Resources */,
				F06B5A168B160A3471B76F0A /* Copy Pods Resources */,
				668852937847642AF47F99EC /* Embed Pods Frameworks */,
			);
			buildRules = (
			);
			dependencies = (
			);
			name = BellabeatFeedback;
			productName = BellabeatFeedback;
			productReference = 811F33611BFE14AE00DE9402 /* BellabeatFeedback.app */;
			productType = "com.apple.product-type.application";
		};
/* End PBXNativeTarget section */

/* Begin PBXProject section */
		811F33591BFE14AE00DE9402 /* Project object */ = {
			isa = PBXProject;
			attributes = {
				LastUpgradeCheck = 0710;
				ORGANIZATIONNAME = Bellabeat;
				TargetAttributes = {
					811F33601BFE14AE00DE9402 = {
						CreatedOnToolsVersion = 7.1;
					};
				};
			};
			buildConfigurationList = 811F335C1BFE14AE00DE9402 /* Build configuration list for PBXProject "BellabeatFeedback" */;
			compatibilityVersion = "Xcode 3.2";
			developmentRegion = English;
			hasScannedForEncodings = 0;
			knownRegions = (
				en,
				Base,
			);
			mainGroup = 811F33581BFE14AE00DE9402;
			productRefGroup = 811F33621BFE14AE00DE9402 /* Products */;
			projectDirPath = "";
			projectRoot = "";
			targets = (
				811F33601BFE14AE00DE9402 /* BellabeatFeedback */,
			);
		};
/* End PBXProject section */

/* Begin PBXResourcesBuildPhase section */
		811F335F1BFE14AE00DE9402 /* Resources */ = {
			isa = PBXResourcesBuildPhase;
			buildActionMask = 2147483647;
			files = (
				81F015CF1BFF3D820007EB4A /* NewMessageViewController.xib in Resources */,
				819BD8A31C033A63000F75C3 /* LoadingCollectionViewFooterView.xib in Resources */,
				81F015C91BFF2CCF0007EB4A /* MessagesCollectionViewCell.xib in Resources */,
				8158AD721C03197B00C0BF36 /* OrderCollectionViewCell.xib in Resources */,
				811F33741BFE14AE00DE9402 /* LaunchScreen.storyboard in Resources */,
				8158AD6D1C03196100C0BF36 /* OrderCollectionViewController.xib in Resources */,
				81F015B21BFF1BFD0007EB4A /* RoomsCollectionViewController.xib in Resources */,
				81F015BC1BFF254C0007EB4A /* MessagesCollectionViewController.xib in Resources */,
				811F33711BFE14AE00DE9402 /* Assets.xcassets in Resources */,
				81F015B71BFF22F40007EB4A /* RoomsCollectionViewCell.xib in Resources */,
			);
			runOnlyForDeploymentPostprocessing = 0;
		};
/* End PBXResourcesBuildPhase section */

/* Begin PBXShellScriptBuildPhase section */
		668852937847642AF47F99EC /* Embed Pods Frameworks */ = {
			isa = PBXShellScriptBuildPhase;
			buildActionMask = 2147483647;
			files = (
			);
			inputPaths = (
			);
			name = "Embed Pods Frameworks";
			outputPaths = (
			);
			runOnlyForDeploymentPostprocessing = 0;
			shellPath = /bin/sh;
			shellScript = "\"${SRCROOT}/Pods/Target Support Files/Pods-BellabeatFeedback/Pods-BellabeatFeedback-frameworks.sh\"\n";
			showEnvVarsInLog = 0;
		};
		7DFC7E22F755BC0DDACE6177 /* Check Pods Manifest.lock */ = {
			isa = PBXShellScriptBuildPhase;
			buildActionMask = 2147483647;
			files = (
			);
			inputPaths = (
			);
			name = "Check Pods Manifest.lock";
			outputPaths = (
			);
			runOnlyForDeploymentPostprocessing = 0;
			shellPath = /bin/sh;
			shellScript = "diff \"${PODS_ROOT}/../Podfile.lock\" \"${PODS_ROOT}/Manifest.lock\" > /dev/null\nif [[ $? != 0 ]] ; then\n    cat << EOM\nerror: The sandbox is not in sync with the Podfile.lock. Run 'pod install' or update your CocoaPods installation.\nEOM\n    exit 1\nfi\n";
			showEnvVarsInLog = 0;
		};
		F06B5A168B160A3471B76F0A /* Copy Pods Resources */ = {
			isa = PBXShellScriptBuildPhase;
			buildActionMask = 2147483647;
			files = (
			);
			inputPaths = (
			);
			name = "Copy Pods Resources";
			outputPaths = (
			);
			runOnlyForDeploymentPostprocessing = 0;
			shellPath = /bin/sh;
			shellScript = "\"${SRCROOT}/Pods/Target Support Files/Pods-BellabeatFeedback/Pods-BellabeatFeedback-resources.sh\"\n";
			showEnvVarsInLog = 0;
		};
/* End PBXShellScriptBuildPhase section */

/* Begin PBXSourcesBuildPhase section */
		811F335D1BFE14AE00DE9402 /* Sources */ = {
			isa = PBXSourcesBuildPhase;
			buildActionMask = 2147483647;
			files = (
				8158AD7B1C03240B00C0BF36 /* TopMessageOrderModel.m in Sources */,
				81F015C81BFF2CCF0007EB4A /* MessagesCollectionViewCell.m in Sources */,
				81F015B11BFF1BFD0007EB4A /* RoomsCollectionViewController.m in Sources */,
				81F015CE1BFF3D820007EB4A /* NewMessageViewController.m in Sources */,
				819BD8A11C033A54000F75C3 /* LoadingCollectionViewFooterView.m in Sources */,
				81F015AA1BFF17A10007EB4A /* RoomModel.m in Sources */,
				81F015C21BFF25FD0007EB4A /* MessageModel.m in Sources */,
				811F33691BFE14AE00DE9402 /* AppDelegate.m in Sources */,
				81F015BB1BFF254C0007EB4A /* MessagesCollectionViewController.m in Sources */,
				8158AD711C03197B00C0BF36 /* OrderCollectionViewCell.m in Sources */,
				81F015B61BFF22F40007EB4A /* RoomsCollectionViewCell.m in Sources */,
				81F015BF1BFF25610007EB4A /* MessageDataStore.m in Sources */,
				8158AD781C03238E00C0BF36 /* MessageOrderModel.m in Sources */,
				8158AD6C1C03196100C0BF36 /* OrderCollectionViewController.m in Sources */,
				8158AD7E1C03257800C0BF36 /* NewMessageOrderModel.m in Sources */,
				81F015AD1BFF180A0007EB4A /* RoomDataStore.m in Sources */,
				811F33661BFE14AE00DE9402 /* main.m in Sources */,
			);
			runOnlyForDeploymentPostprocessing = 0;
		};
/* End PBXSourcesBuildPhase section */

/* Begin PBXVariantGroup section */
		811F33721BFE14AE00DE9402 /* LaunchScreen.storyboard */ = {
			isa = PBXVariantGroup;
			children = (
				811F33731BFE14AE00DE9402 /* Base */,
			);
			name = LaunchScreen.storyboard;
			sourceTree = "<group>";
		};
/* End PBXVariantGroup section */

/* Begin XCBuildConfiguration section */
		811F33761BFE14AE00DE9402 /* Debug */ = {
			isa = XCBuildConfiguration;
			buildSettings = {
				ALWAYS_SEARCH_USER_PATHS = NO;
				CLANG_CXX_LANGUAGE_STANDARD = "gnu++0x";
				CLANG_CXX_LIBRARY = "libc++";
				CLANG_ENABLE_MODULES = YES;
				CLANG_ENABLE_OBJC_ARC = YES;
				CLANG_WARN_BOOL_CONVERSION = YES;
				CLANG_WARN_CONSTANT_CONVERSION = YES;
				CLANG_WARN_DIRECT_OBJC_ISA_USAGE = YES_ERROR;
				CLANG_WARN_EMPTY_BODY = YES;
				CLANG_WARN_ENUM_CONVERSION = YES;
				CLANG_WARN_INT_CONVERSION = YES;
				CLANG_WARN_OBJC_ROOT_CLASS = YES_ERROR;
				CLANG_WARN_UNREACHABLE_CODE = YES;
				CLANG_WARN__DUPLICATE_METHOD_MATCH = YES;
				"CODE_SIGN_IDENTITY[sdk=iphoneos*]" = "iPhone Developer";
				COPY_PHASE_STRIP = NO;
				DEBUG_INFORMATION_FORMAT = dwarf;
				ENABLE_STRICT_OBJC_MSGSEND = YES;
				ENABLE_TESTABILITY = YES;
				GCC_C_LANGUAGE_STANDARD = gnu99;
				GCC_DYNAMIC_NO_PIC = NO;
				GCC_NO_COMMON_BLOCKS = YES;
				GCC_OPTIMIZATION_LEVEL = 0;
				GCC_PREPROCESSOR_DEFINITIONS = (
					"DEBUG=1",
					"$(inherited)",
				);
				GCC_WARN_64_TO_32_BIT_CONVERSION = YES;
				GCC_WARN_ABOUT_RETURN_TYPE = YES_ERROR;
				GCC_WARN_UNDECLARED_SELECTOR = YES;
				GCC_WARN_UNINITIALIZED_AUTOS = YES_AGGRESSIVE;
				GCC_WARN_UNUSED_FUNCTION = YES;
				GCC_WARN_UNUSED_VARIABLE = YES;
				IPHONEOS_DEPLOYMENT_TARGET = 9.1;
				MTL_ENABLE_DEBUG_INFO = YES;
				ONLY_ACTIVE_ARCH = YES;
				SDKROOT = iphoneos;
				TARGETED_DEVICE_FAMILY = "1,2";
			};
			name = Debug;
		};
		811F33771BFE14AE00DE9402 /* Release */ = {
			isa = XCBuildConfiguration;
			buildSettings = {
				ALWAYS_SEARCH_USER_PATHS = NO;
				CLANG_CXX_LANGUAGE_STANDARD = "gnu++0x";
				CLANG_CXX_LIBRARY = "libc++";
				CLANG_ENABLE_MODULES = YES;
				CLANG_ENABLE_OBJC_ARC = YES;
				CLANG_WARN_BOOL_CONVERSION = YES;
				CLANG_WARN_CONSTANT_CONVERSION = YES;
				CLANG_WARN_DIRECT_OBJC_ISA_USAGE = YES_ERROR;
				CLANG_WARN_EMPTY_BODY = YES;
				CLANG_WARN_ENUM_CONVERSION = YES;
				CLANG_WARN_INT_CONVERSION = YES;
				CLANG_WARN_OBJC_ROOT_CLASS = YES_ERROR;
				CLANG_WARN_UNREACHABLE_CODE = YES;
				CLANG_WARN__DUPLICATE_METHOD_MATCH = YES;
				"CODE_SIGN_IDENTITY[sdk=iphoneos*]" = "iPhone Developer";
				COPY_PHASE_STRIP = NO;
				DEBUG_INFORMATION_FORMAT = "dwarf-with-dsym";
				ENABLE_NS_ASSERTIONS = NO;
				ENABLE_STRICT_OBJC_MSGSEND = YES;
				GCC_C_LANGUAGE_STANDARD = gnu99;
				GCC_NO_COMMON_BLOCKS = YES;
				GCC_WARN_64_TO_32_BIT_CONVERSION = YES;
				GCC_WARN_ABOUT_RETURN_TYPE = YES_ERROR;
				GCC_WARN_UNDECLARED_SELECTOR = YES;
				GCC_WARN_UNINITIALIZED_AUTOS = YES_AGGRESSIVE;
				GCC_WARN_UNUSED_FUNCTION = YES;
				GCC_WARN_UNUSED_VARIABLE = YES;
				IPHONEOS_DEPLOYMENT_TARGET = 9.1;
				MTL_ENABLE_DEBUG_INFO = NO;
				SDKROOT = iphoneos;
				TARGETED_DEVICE_FAMILY = "1,2";
				VALIDATE_PRODUCT = YES;
			};
			name = Release;
		};
		811F33791BFE14AE00DE9402 /* Debug */ = {
			isa = XCBuildConfiguration;
			baseConfigurationReference = 01FFDCBB101604BE086E6B89 /* Pods-BellabeatFeedback.debug.xcconfig */;
			buildSettings = {
				ASSETCATALOG_COMPILER_APPICON_NAME = AppIcon;
				EMBEDDED_CONTENT_CONTAINS_SWIFT = YES;
				INFOPLIST_FILE = BellabeatFeedback/Info.plist;
				IPHONEOS_DEPLOYMENT_TARGET = 8.0;
				LD_RUNPATH_SEARCH_PATHS = "$(inherited) @executable_path/Frameworks";
				PRODUCT_BUNDLE_IDENTIFIER = com.bellabeat.BellabeatFeedback;
				PRODUCT_NAME = "$(TARGET_NAME)";
			};
			name = Debug;
		};
		811F337A1BFE14AE00DE9402 /* Release */ = {
			isa = XCBuildConfiguration;
			baseConfigurationReference = 55AC717ECF2BAE0A0AD0985F /* Pods-BellabeatFeedback.release.xcconfig */;
			buildSettings = {
				ASSETCATALOG_COMPILER_APPICON_NAME = AppIcon;
				EMBEDDED_CONTENT_CONTAINS_SWIFT = YES;
				INFOPLIST_FILE = BellabeatFeedback/Info.plist;
				IPHONEOS_DEPLOYMENT_TARGET = 8.0;
				LD_RUNPATH_SEARCH_PATHS = "$(inherited) @executable_path/Frameworks";
				PRODUCT_BUNDLE_IDENTIFIER = com.bellabeat.BellabeatFeedback;
				PRODUCT_NAME = "$(TARGET_NAME)";
			};
			name = Release;
		};
/* End XCBuildConfiguration section */

/* Begin XCConfigurationList section */
		811F335C1BFE14AE00DE9402 /* Build configuration list for PBXProject "BellabeatFeedback" */ = {
			isa = XCConfigurationList;
			buildConfigurations = (
				811F33761BFE14AE00DE9402 /* Debug */,
				811F33771BFE14AE00DE9402 /* Release */,
			);
			defaultConfigurationIsVisible = 0;
			defaultConfigurationName = Release;
		};
		811F33781BFE14AE00DE9402 /* Build configuration list for PBXNativeTarget "BellabeatFeedback" */ = {
			isa = XCConfigurationList;
			buildConfigurations = (
				811F33791BFE14AE00DE9402 /* Debug */,
				811F337A1BFE14AE00DE9402 /* Release */,
			);
			defaultConfigurationIsVisible = 0;
			defaultConfigurationName = Release;
		};
/* End XCConfigurationList section */
	};
	rootObject = 811F33591BFE14AE00DE9402 /* Project object */;
}
